
Microsoft Visual Studio Solution File, Format Version 12.00
# Visual Studio Version 16
VisualStudioVersion = 16.0.32413.511
MinimumVisualStudioVersion = 10.0.40219.1
Project("{888888A0-9F3D-457C-B088-3A5042F75D52}") = "mmt1", "mmt1\mmt1.pyproj", "{70929924-BC5F-44CB-A968-EF53B56245BF}"
EndProject
Global
	GlobalSection(SolutionConfigurationPlatforms) = preSolution
		Debug|Any CPU = Debug|Any CPU
		Release|Any CPU = Release|Any CPU
	EndGlobalSection
	GlobalSection(ProjectConfigurationPlatforms) = postSolution
		{70929924-BC5F-44CB-A968-EF53B56245BF}.Debug|Any CPU.ActiveCfg = Debug|Any CPU
		{70929924-BC5F-44CB-A968-EF53B56245BF}.Release|Any CPU.ActiveCfg = Release|Any CPU
	EndGlobalSection
	GlobalSection(SolutionProperties) = preSolution
		HideSolutionNode = FALSE
	EndGlobalSection
	GlobalSection(ExtensibilityGlobals) = postSolution
		SolutionGuid = {D5A29F99-59C0-4AB3-8659-CD0A9B9F07A5}
	EndGlobalSection
EndGlobal
